
Microsoft Visual Studio Solution File, Format Version 11.00
# Visual Studio 2010
Project("{8BC9CEB8-8B4A-11D0-8D11-00A0C91BC942}") = "FTech_FolderEx", "FTech_FolderEx.vcxproj", "{F2A4F9EA-8804-4377-A1B2-5AE9C23FD163}"
EndProject
Global
	GlobalSection(SubversionScc) = preSolution
		Svn-Managed = True
		Manager = AnkhSVN - Subversion Support for Visual Studio
	EndGlobalSection
	GlobalSection(SolutionConfigurationPlatforms) = preSolution
		Debug|Win32 = Debug|Win32
		Release|Win32 = Release|Win32
	EndGlobalSection
	GlobalSection(ProjectConfigurationPlatforms) = postSolution
		{F2A4F9EA-8804-4377-A1B2-5AE9C23FD163}.Debug|Win32.ActiveCfg = Debug|Win32
		{F2A4F9EA-8804-4377-A1B2-5AE9C23FD163}.Debug|Win32.Build.0 = Debug|Win32
		{F2A4F9EA-8804-4377-A1B2-5AE9C23FD163}.Release|Win32.ActiveCfg = Release|Win32
		{F2A4F9EA-8804-4377-A1B2-5AE9C23FD163}.Release|Win32.Build.0 = Release|Win32
	EndGlobalSection
	GlobalSection(SolutionProperties) = preSolution
		HideSolutionNode = FALSE
	EndGlobalSection
EndGlobal
